<Solution>
  <Project Path="DigitalOps.API.Tests/DigitalOps.API.Tests.csproj" />
  <Project Path="DigitalOps.API/DigitalOps.API.csproj" />
  <Project Path="tools/DigitalOps.RagIngestion/DigitalOps.RagIngestion.csproj" />
  <Project Path="tools/DigitalOps.RagIngestion.Tests/DigitalOps.RagIngestion.Tests.csproj" />
</Solution>
